// !$*UTF8*$!
{
	archiveVersion = 1;
	classes = {
	};
	objectVersion = 55;
	objects = {

/* Begin PBXBuildFile section */
		844FA9AC2B2F6EFF00722DD1 /* AppDelegate.swift in Sources */ = {isa = PBXBuildFile; fileRef = 844FA9AB2B2F6EFF00722DD1 /* AppDelegate.swift */; };
		844FA9AE2B2F6EFF00722DD1 /* SceneDelegate.swift in Sources */ = {isa = PBXBuildFile; fileRef = 844FA9AD2B2F6EFF00722DD1 /* SceneDelegate.swift */; };
		844FA9B02B2F6EFF00722DD1 /* EMTabBarViewController.swift in Sources */ = {isa = PBXBuildFile; fileRef = 844FA9AF2B2F6EFF00722DD1 /* EMTabBarViewController.swift */; };
		844FA9B52B2F6F0300722DD1 /* Assets.xcassets in Resources */ = {isa = PBXBuildFile; fileRef = 844FA9B42B2F6F0300722DD1 /* Assets.xcassets */; };
		844FA9B82B2F6F0300722DD1 /* LaunchScreen.storyboard in Resources */ = {isa = PBXBuildFile; fileRef = 844FA9B62B2F6F0300722DD1 /* LaunchScreen.storyboard */; };
		844FA9C32B30C4BE00722DD1 /* EMMainViewController.swift in Sources */ = {isa = PBXBuildFile; fileRef = 844FA9C22B30C4BE00722DD1 /* EMMainViewController.swift */; };
		844FA9C52B30C55800722DD1 /* EMShoppingCartViewController.swift in Sources */ = {isa = PBXBuildFile; fileRef = 844FA9C42B30C55800722DD1 /* EMShoppingCartViewController.swift */; };
		844FA9C72B30C56C00722DD1 /* EMHistoryViewController.swift in Sources */ = {isa = PBXBuildFile; fileRef = 844FA9C62B30C56C00722DD1 /* EMHistoryViewController.swift */; };
		844FA9C92B30C58300722DD1 /* EMInfoViewController.swift in Sources */ = {isa = PBXBuildFile; fileRef = 844FA9C82B30C58300722DD1 /* EMInfoViewController.swift */; };
		844FA9CC2B3215CC00722DD1 /* EMMain.swift in Sources */ = {isa = PBXBuildFile; fileRef = 844FA9CB2B3215CC00722DD1 /* EMMain.swift */; };
/* End PBXBuildFile section */

/* Begin PBXFileReference section */
		844FA9A82B2F6EFF00722DD1 /* EcoMarket.app */ = {isa = PBXFileReference; explicitFileType = wrapper.application; includeInIndex = 0; path = EcoMarket.app; sourceTree = BUILT_PRODUCTS_DIR; };
		844FA9AB2B2F6EFF00722DD1 /* AppDelegate.swift */ = {isa = PBXFileReference; lastKnownFileType = sourcecode.swift; path = AppDelegate.swift; sourceTree = "<group>"; };
		844FA9AD2B2F6EFF00722DD1 /* SceneDelegate.swift */ = {isa = PBXFileReference; lastKnownFileType = sourcecode.swift; path = SceneDelegate.swift; sourceTree = "<group>"; };
		844FA9AF2B2F6EFF00722DD1 /* EMTabBarViewController.swift */ = {isa = PBXFileReference; lastKnownFileType = sourcecode.swift; path = EMTabBarViewController.swift; sourceTree = "<group>"; };
		844FA9B42B2F6F0300722DD1 /* Assets.xcassets */ = {isa = PBXFileReference; lastKnownFileType = folder.assetcatalog; path = Assets.xcassets; sourceTree = "<group>"; };
		844FA9B72B2F6F0300722DD1 /* Base */ = {isa = PBXFileReference; lastKnownFileType = file.storyboard; name = Base; path = Base.lproj/LaunchScreen.storyboard; sourceTree = "<group>"; };
		844FA9B92B2F6F0300722DD1 /* Info.plist */ = {isa = PBXFileReference; lastKnownFileType = text.plist.xml; path = Info.plist; sourceTree = "<group>"; };
		844FA9C22B30C4BE00722DD1 /* EMMainViewController.swift */ = {isa = PBXFileReference; lastKnownFileType = sourcecode.swift; path = EMMainViewController.swift; sourceTree = "<group>"; };
		844FA9C42B30C55800722DD1 /* EMShoppingCartViewController.swift */ = {isa = PBXFileReference; lastKnownFileType = sourcecode.swift; path = EMShoppingCartViewController.swift; sourceTree = "<group>"; };
		844FA9C62B30C56C00722DD1 /* EMHistoryViewController.swift */ = {isa = PBXFileReference; lastKnownFileType = sourcecode.swift; path = EMHistoryViewController.swift; sourceTree = "<group>"; };
		844FA9C82B30C58300722DD1 /* EMInfoViewController.swift */ = {isa = PBXFileReference; lastKnownFileType = sourcecode.swift; path = EMInfoViewController.swift; sourceTree = "<group>"; };
		844FA9CB2B3215CC00722DD1 /* EMMain.swift */ = {isa = PBXFileReference; lastKnownFileType = sourcecode.swift; path = EMMain.swift; sourceTree = "<group>"; };
/* End PBXFileReference section */

/* Begin PBXFrameworksBuildPhase section */
		844FA9A52B2F6EFF00722DD1 /* Frameworks */ = {
			isa = PBXFrameworksBuildPhase;
			buildActionMask = 2147483647;
			files = (
			);
			runOnlyForDeploymentPostprocessing = 0;
		};
/* End PBXFrameworksBuildPhase section */

/* Begin PBXGroup section */
		844FA99F2B2F6EFF00722DD1 = {
			isa = PBXGroup;
			children = (
				844FA9AA2B2F6EFF00722DD1 /* EcoMarket */,
				844FA9A92B2F6EFF00722DD1 /* Products */,
			);
			sourceTree = "<group>";
		};
		844FA9A92B2F6EFF00722DD1 /* Products */ = {
			isa = PBXGroup;
			children = (
				844FA9A82B2F6EFF00722DD1 /* EcoMarket.app */,
			);
			name = Products;
			sourceTree = "<group>";
		};
		844FA9AA2B2F6EFF00722DD1 /* EcoMarket */ = {
			isa = PBXGroup;
			children = (
				844FA9CD2B3366DD00722DD1 /* ViewModels */,
				844FA9CA2B31A36E00722DD1 /* Resources */,
				844FA9C02B30C2B800722DD1 /* Models */,
				844FA9BF2B30C2A600722DD1 /* Controllers */,
				844FA9B92B2F6F0300722DD1 /* Info.plist */,
			);
			path = EcoMarket;
			sourceTree = "<group>";
		};
		844FA9BF2B30C2A600722DD1 /* Controllers */ = {
			isa = PBXGroup;
			children = (
				844FA9C12B30C44F00722DD1 /* Core */,
			);
			path = Controllers;
			sourceTree = "<group>";
		};
		844FA9C02B30C2B800722DD1 /* Models */ = {
			isa = PBXGroup;
			children = (
				844FA9CB2B3215CC00722DD1 /* EMMain.swift */,
			);
			path = Models;
			sourceTree = "<group>";
		};
		844FA9C12B30C44F00722DD1 /* Core */ = {
			isa = PBXGroup;
			children = (
				844FA9AF2B2F6EFF00722DD1 /* EMTabBarViewController.swift */,
				844FA9C22B30C4BE00722DD1 /* EMMainViewController.swift */,
				844FA9C42B30C55800722DD1 /* EMShoppingCartViewController.swift */,
				844FA9C62B30C56C00722DD1 /* EMHistoryViewController.swift */,
				844FA9C82B30C58300722DD1 /* EMInfoViewController.swift */,
			);
			path = Core;
			sourceTree = "<group>";
		};
		844FA9CA2B31A36E00722DD1 /* Resources */ = {
			isa = PBXGroup;
			children = (
				844FA9AB2B2F6EFF00722DD1 /* AppDelegate.swift */,
				844FA9AD2B2F6EFF00722DD1 /* SceneDelegate.swift */,
				844FA9B42B2F6F0300722DD1 /* Assets.xcassets */,
				844FA9B62B2F6F0300722DD1 /* LaunchScreen.storyboard */,
			);
			path = Resources;
			sourceTree = "<group>";
		};
		844FA9CD2B3366DD00722DD1 /* ViewModels */ = {
			isa = PBXGroup;
			children = (
			);
			path = ViewModels;
			sourceTree = "<group>";
		};
/* End PBXGroup section */

/* Begin PBXNativeTarget section */
		844FA9A72B2F6EFF00722DD1 /* EcoMarket */ = {
			isa = PBXNativeTarget;
			buildConfigurationList = 844FA9BC2B2F6F0300722DD1 /* Build configuration list for PBXNativeTarget "EcoMarket" */;
			buildPhases = (
				844FA9A42B2F6EFF00722DD1 /* Sources */,
				844FA9A52B2F6EFF00722DD1 /* Frameworks */,
				844FA9A62B2F6EFF00722DD1 /* Resources */,
			);
			buildRules = (
			);
			dependencies = (
			);
			name = EcoMarket;
			productName = EcoMarket;
			productReference = 844FA9A82B2F6EFF00722DD1 /* EcoMarket.app */;
			productType = "com.apple.product-type.application";
		};
/* End PBXNativeTarget section */

/* Begin PBXProject section */
		844FA9A02B2F6EFF00722DD1 /* Project object */ = {
			isa = PBXProject;
			attributes = {
				BuildIndependentTargetsInParallel = 1;
				LastSwiftUpdateCheck = 1320;
				LastUpgradeCheck = 1320;
				TargetAttributes = {
					844FA9A72B2F6EFF00722DD1 = {
						CreatedOnToolsVersion = 13.2.1;
					};
				};
			};
			buildConfigurationList = 844FA9A32B2F6EFF00722DD1 /* Build configuration list for PBXProject "EcoMarket" */;
			compatibilityVersion = "Xcode 13.0";
			developmentRegion = en;
			hasScannedForEncodings = 0;
			knownRegions = (
				en,
				Base,
			);
			mainGroup = 844FA99F2B2F6EFF00722DD1;
			productRefGroup = 844FA9A92B2F6EFF00722DD1 /* Products */;
			projectDirPath = "";
			projectRoot = "";
			targets = (
				844FA9A72B2F6EFF00722DD1 /* EcoMarket */,
			);
		};
/* End PBXProject section */

/* Begin PBXResourcesBuildPhase section */
		844FA9A62B2F6EFF00722DD1 /* Resources */ = {
			isa = PBXResourcesBuildPhase;
			buildActionMask = 2147483647;
			files = (
				844FA9B82B2F6F0300722DD1 /* LaunchScreen.storyboard in Resources */,
				844FA9B52B2F6F0300722DD1 /* Assets.xcassets in Resources */,
			);
			runOnlyForDeploymentPostprocessing = 0;
		};
/* End PBXResourcesBuildPhase section */

/* Begin PBXSourcesBuildPhase section */
		844FA9A42B2F6EFF00722DD1 /* Sources */ = {
			isa = PBXSourcesBuildPhase;
			buildActionMask = 2147483647;
			files = (
				844FA9C52B30C55800722DD1 /* EMShoppingCartViewController.swift in Sources */,
				844FA9C72B30C56C00722DD1 /* EMHistoryViewController.swift in Sources */,
				844FA9B02B2F6EFF00722DD1 /* EMTabBarViewController.swift in Sources */,
				844FA9AC2B2F6EFF00722DD1 /* AppDelegate.swift in Sources */,
				844FA9C92B30C58300722DD1 /* EMInfoViewController.swift in Sources */,
				844FA9AE2B2F6EFF00722DD1 /* SceneDelegate.swift in Sources */,
				844FA9CC2B3215CC00722DD1 /* EMMain.swift in Sources */,
				844FA9C32B30C4BE00722DD1 /* EMMainViewController.swift in Sources */,
			);
			runOnlyForDeploymentPostprocessing = 0;
		};
/* End PBXSourcesBuildPhase section */

/* Begin PBXVariantGroup section */
		844FA9B62B2F6F0300722DD1 /* LaunchScreen.storyboard */ = {
			isa = PBXVariantGroup;
			children = (
				844FA9B72B2F6F0300722DD1 /* Base */,
			);
			name = LaunchScreen.storyboard;
			sourceTree = "<group>";
		};
/* End PBXVariantGroup section */

/* Begin XCBuildConfiguration section */
		844FA9BA2B2F6F0300722DD1 /* Debug */ = {
			isa = XCBuildConfiguration;
			buildSettings = {
				ALWAYS_SEARCH_USER_PATHS = NO;
				CLANG_ANALYZER_NONNULL = YES;
				CLANG_ANALYZER_NUMBER_OBJECT_CONVERSION = YES_AGGRESSIVE;
				CLANG_CXX_LANGUAGE_STANDARD = "gnu++17";
				CLANG_CXX_LIBRARY = "libc++";
				CLANG_ENABLE_MODULES = YES;
				CLANG_ENABLE_OBJC_ARC = YES;
				CLANG_ENABLE_OBJC_WEAK = YES;
				CLANG_WARN_BLOCK_CAPTURE_AUTORELEASING = YES;
				CLANG_WARN_BOOL_CONVERSION = YES;
				CLANG_WARN_COMMA = YES;
				CLANG_WARN_CONSTANT_CONVERSION = YES;
				CLANG_WARN_DEPRECATED_OBJC_IMPLEMENTATIONS = YES;
				CLANG_WARN_DIRECT_OBJC_ISA_USAGE = YES_ERROR;
				CLANG_WARN_DOCUMENTATION_COMMENTS = YES;
				CLANG_WARN_EMPTY_BODY = YES;
				CLANG_WARN_ENUM_CONVERSION = YES;
				CLANG_WARN_INFINITE_RECURSION = YES;
				CLANG_WARN_INT_CONVERSION = YES;
				CLANG_WARN_NON_LITERAL_NULL_CONVERSION = YES;
				CLANG_WARN_OBJC_IMPLICIT_RETAIN_SELF = YES;
				CLANG_WARN_OBJC_LITERAL_CONVERSION = YES;
				CLANG_WARN_OBJC_ROOT_CLASS = YES_ERROR;
				CLANG_WARN_QUOTED_INCLUDE_IN_FRAMEWORK_HEADER = YES;
				CLANG_WARN_RANGE_LOOP_ANALYSIS = YES;
				CLANG_WARN_STRICT_PROTOTYPES = YES;
				CLANG_WARN_SUSPICIOUS_MOVE = YES;
				CLANG_WARN_UNGUARDED_AVAILABILITY = YES_AGGRESSIVE;
				CLANG_WARN_UNREACHABLE_CODE = YES;
				CLANG_WARN__DUPLICATE_METHOD_MATCH = YES;
				COPY_PHASE_STRIP = NO;
				DEBUG_INFORMATION_FORMAT = dwarf;
				ENABLE_STRICT_OBJC_MSGSEND = YES;
				ENABLE_TESTABILITY = YES;
				GCC_C_LANGUAGE_STANDARD = gnu11;
				GCC_DYNAMIC_NO_PIC = NO;
				GCC_NO_COMMON_BLOCKS = YES;
				GCC_OPTIMIZATION_LEVEL = 0;
				GCC_PREPROCESSOR_DEFINITIONS = (
					"DEBUG=1",
					"$(inherited)",
				);
				GCC_WARN_64_TO_32_BIT_CONVERSION = YES;
				GCC_WARN_ABOUT_RETURN_TYPE = YES_ERROR;
				GCC_WARN_UNDECLARED_SELECTOR = YES;
				GCC_WARN_UNINITIALIZED_AUTOS = YES_AGGRESSIVE;
				GCC_WARN_UNUSED_FUNCTION = YES;
				GCC_WARN_UNUSED_VARIABLE = YES;
				IPHONEOS_DEPLOYMENT_TARGET = 15.2;
				MTL_ENABLE_DEBUG_INFO = INCLUDE_SOURCE;
				MTL_FAST_MATH = YES;
				ONLY_ACTIVE_ARCH = YES;
				SDKROOT = iphoneos;
				SWIFT_ACTIVE_COMPILATION_CONDITIONS = DEBUG;
				SWIFT_OPTIMIZATION_LEVEL = "-Onone";
			};
			name = Debug;
		};
		844FA9BB2B2F6F0300722DD1 /* Release */ = {
			isa = XCBuildConfiguration;
			buildSettings = {
				ALWAYS_SEARCH_USER_PATHS = NO;
				CLANG_ANALYZER_NONNULL = YES;
				CLANG_ANALYZER_NUMBER_OBJECT_CONVERSION = YES_AGGRESSIVE;
				CLANG_CXX_LANGUAGE_STANDARD = "gnu++17";
				CLANG_CXX_LIBRARY = "libc++";
				CLANG_ENABLE_MODULES = YES;
				CLANG_ENABLE_OBJC_ARC = YES;
				CLANG_ENABLE_OBJC_WEAK = YES;
				CLANG_WARN_BLOCK_CAPTURE_AUTORELEASING = YES;
				CLANG_WARN_BOOL_CONVERSION = YES;
				CLANG_WARN_COMMA = YES;
				CLANG_WARN_CONSTANT_CONVERSION = YES;
				CLANG_WARN_DEPRECATED_OBJC_IMPLEMENTATIONS = YES;
				CLANG_WARN_DIRECT_OBJC_ISA_USAGE = YES_ERROR;
				CLANG_WARN_DOCUMENTATION_COMMENTS = YES;
				CLANG_WARN_EMPTY_BODY = YES;
				CLANG_WARN_ENUM_CONVERSION = YES;
				CLANG_WARN_INFINITE_RECURSION = YES;
				CLANG_WARN_INT_CONVERSION = YES;
				CLANG_WARN_NON_LITERAL_NULL_CONVERSION = YES;
				CLANG_WARN_OBJC_IMPLICIT_RETAIN_SELF = YES;
				CLANG_WARN_OBJC_LITERAL_CONVERSION = YES;
				CLANG_WARN_OBJC_ROOT_CLASS = YES_ERROR;
				CLANG_WARN_QUOTED_INCLUDE_IN_FRAMEWORK_HEADER = YES;
				CLANG_WARN_RANGE_LOOP_ANALYSIS = YES;
				CLANG_WARN_STRICT_PROTOTYPES = YES;
				CLANG_WARN_SUSPICIOUS_MOVE = YES;
				CLANG_WARN_UNGUARDED_AVAILABILITY = YES_AGGRESSIVE;
				CLANG_WARN_UNREACHABLE_CODE = YES;
				CLANG_WARN__DUPLICATE_METHOD_MATCH = YES;
				COPY_PHASE_STRIP = NO;
				DEBUG_INFORMATION_FORMAT = "dwarf-with-dsym";
				ENABLE_NS_ASSERTIONS = NO;
				ENABLE_STRICT_OBJC_MSGSEND = YES;
				GCC_C_LANGUAGE_STANDARD = gnu11;
				GCC_NO_COMMON_BLOCKS = YES;
				GCC_WARN_64_TO_32_BIT_CONVERSION = YES;
				GCC_WARN_ABOUT_RETURN_TYPE = YES_ERROR;
				GCC_WARN_UNDECLARED_SELECTOR = YES;
				GCC_WARN_UNINITIALIZED_AUTOS = YES_AGGRESSIVE;
				GCC_WARN_UNUSED_FUNCTION = YES;
				GCC_WARN_UNUSED_VARIABLE = YES;
				IPHONEOS_DEPLOYMENT_TARGET = 15.2;
				MTL_ENABLE_DEBUG_INFO = NO;
				MTL_FAST_MATH = YES;
				SDKROOT = iphoneos;
				SWIFT_COMPILATION_MODE = wholemodule;
				SWIFT_OPTIMIZATION_LEVEL = "-O";
				VALIDATE_PRODUCT = YES;
			};
			name = Release;
		};
		844FA9BD2B2F6F0300722DD1 /* Debug */ = {
			isa = XCBuildConfiguration;
			buildSettings = {
				ASSETCATALOG_COMPILER_APPICON_NAME = AppIcon;
				ASSETCATALOG_COMPILER_GLOBAL_ACCENT_COLOR_NAME = AccentColor;
				CODE_SIGN_STYLE = Automatic;
				CURRENT_PROJECT_VERSION = 1;
				DEVELOPMENT_TEAM = 5C7SV3BFRN;
				GENERATE_INFOPLIST_FILE = YES;
				INFOPLIST_FILE = EcoMarket/Info.plist;
				INFOPLIST_KEY_UIApplicationSupportsIndirectInputEvents = YES;
				INFOPLIST_KEY_UILaunchStoryboardName = LaunchScreen;
				INFOPLIST_KEY_UISupportedInterfaceOrientations_iPad = "UIInterfaceOrientationPortrait UIInterfaceOrientationPortraitUpsideDown UIInterfaceOrientationLandscapeLeft UIInterfaceOrientationLandscapeRight";
				INFOPLIST_KEY_UISupportedInterfaceOrientations_iPhone = "UIInterfaceOrientationPortrait UIInterfaceOrientationLandscapeLeft UIInterfaceOrientationLandscapeRight";
				LD_RUNPATH_SEARCH_PATHS = (
					"$(inherited)",
					"@executable_path/Frameworks",
				);
				MARKETING_VERSION = 1.0;
				PRODUCT_BUNDLE_IDENTIFIER = com.malikagzn.EcoMarket;
				PRODUCT_NAME = "$(TARGET_NAME)";
				SWIFT_EMIT_LOC_STRINGS = YES;
				SWIFT_VERSION = 5.0;
				TARGETED_DEVICE_FAMILY = "1,2";
			};
			name = Debug;
		};
		844FA9BE2B2F6F0300722DD1 /* Release */ = {
			isa = XCBuildConfiguration;
			buildSettings = {
				ASSETCATALOG_COMPILER_APPICON_NAME = AppIcon;
				ASSETCATALOG_COMPILER_GLOBAL_ACCENT_COLOR_NAME = AccentColor;
				CODE_SIGN_STYLE = Automatic;
				CURRENT_PROJECT_VERSION = 1;
				DEVELOPMENT_TEAM = 5C7SV3BFRN;
				GENERATE_INFOPLIST_FILE = YES;
				INFOPLIST_FILE = EcoMarket/Info.plist;
				INFOPLIST_KEY_UIApplicationSupportsIndirectInputEvents = YES;
				INFOPLIST_KEY_UILaunchStoryboardName = LaunchScreen;
				INFOPLIST_KEY_UISupportedInterfaceOrientations_iPad = "UIInterfaceOrientationPortrait UIInterfaceOrientationPortraitUpsideDown UIInterfaceOrientationLandscapeLeft UIInterfaceOrientationLandscapeRight";
				INFOPLIST_KEY_UISupportedInterfaceOrientations_iPhone = "UIInterfaceOrientationPortrait UIInterfaceOrientationLandscapeLeft UIInterfaceOrientationLandscapeRight";
				LD_RUNPATH_SEARCH_PATHS = (
					"$(inherited)",
					"@executable_path/Frameworks",
				);
				MARKETING_VERSION = 1.0;
				PRODUCT_BUNDLE_IDENTIFIER = com.malikagzn.EcoMarket;
				PRODUCT_NAME = "$(TARGET_NAME)";
				SWIFT_EMIT_LOC_STRINGS = YES;
				SWIFT_VERSION = 5.0;
				TARGETED_DEVICE_FAMILY = "1,2";
			};
			name = Release;
		};
/* End XCBuildConfiguration section */

/* Begin XCConfigurationList section */
		844FA9A32B2F6EFF00722DD1 /* Build configuration list for PBXProject "EcoMarket" */ = {
			isa = XCConfigurationList;
			buildConfigurations = (
				844FA9BA2B2F6F0300722DD1 /* Debug */,
				844FA9BB2B2F6F0300722DD1 /* Release */,
			);
			defaultConfigurationIsVisible = 0;
			defaultConfigurationName = Release;
		};
		844FA9BC2B2F6F0300722DD1 /* Build configuration list for PBXNativeTarget "EcoMarket" */ = {
			isa = XCConfigurationList;
			buildConfigurations = (
				844FA9BD2B2F6F0300722DD1 /* Debug */,
				844FA9BE2B2F6F0300722DD1 /* Release */,
			);
			defaultConfigurationIsVisible = 0;
			defaultConfigurationName = Release;
		};
/* End XCConfigurationList section */
	};
	rootObject = 844FA9A02B2F6EFF00722DD1 /* Project object */;
}
